
Microsoft Visual Studio Solution File, Format Version 12.00
# Visual Studio Version 16
VisualStudioVersion = 16.0.31605.320
MinimumVisualStudioVersion = 10.0.40219.1
Project("{FAE04EC0-301F-11D3-BF4B-00C04F79EFBC}") = "lab4", "lab4\lab4.csproj", "{C5C5B01B-2CE9-4276-8B1D-0031D766F11B}"
EndProject
Global
	GlobalSection(SolutionConfigurationPlatforms) = preSolution
		Debug|Any CPU = Debug|Any CPU
		Release|Any CPU = Release|Any CPU
	EndGlobalSection
	GlobalSection(ProjectConfigurationPlatforms) = postSolution
		{C5C5B01B-2CE9-4276-8B1D-0031D766F11B}.Debug|Any CPU.ActiveCfg = Debug|Any CPU
		{C5C5B01B-2CE9-4276-8B1D-0031D766F11B}.Debug|Any CPU.Build.0 = Debug|Any CPU
		{C5C5B01B-2CE9-4276-8B1D-0031D766F11B}.Release|Any CPU.ActiveCfg = Release|Any CPU
		{C5C5B01B-2CE9-4276-8B1D-0031D766F11B}.Release|Any CPU.Build.0 = Release|Any CPU
	EndGlobalSection
	GlobalSection(SolutionProperties) = preSolution
		HideSolutionNode = FALSE
	EndGlobalSection
	GlobalSection(ExtensibilityGlobals) = postSolution
		SolutionGuid = {D501D96C-421F-4F96-A6AD-98F7E48950FB}
	EndGlobalSection
EndGlobal
