
Microsoft Visual Studio Solution File, Format Version 12.00
# Visual Studio Version 16
VisualStudioVersion = 16.0.31605.320
MinimumVisualStudioVersion = 10.0.40219.1
Project("{FAE04EC0-301F-11D3-BF4B-00C04F79EFBC}") = "lab6", "lab6\lab6.csproj", "{67C422F3-CF5A-47C5-AB1C-B7654A6B1292}"
EndProject
Project("{FAE04EC0-301F-11D3-BF4B-00C04F79EFBC}") = "DataBase", "DataBase\DataBase.csproj", "{9590C6C1-3EF9-491B-8311-33BC15E4CF10}"
EndProject
Global
	GlobalSection(SolutionConfigurationPlatforms) = preSolution
		Debug|Any CPU = Debug|Any CPU
		Release|Any CPU = Release|Any CPU
	EndGlobalSection
	GlobalSection(ProjectConfigurationPlatforms) = postSolution
		{67C422F3-CF5A-47C5-AB1C-B7654A6B1292}.Debug|Any CPU.ActiveCfg = Debug|Any CPU
		{67C422F3-CF5A-47C5-AB1C-B7654A6B1292}.Debug|Any CPU.Build.0 = Debug|Any CPU
		{67C422F3-CF5A-47C5-AB1C-B7654A6B1292}.Release|Any CPU.ActiveCfg = Release|Any CPU
		{67C422F3-CF5A-47C5-AB1C-B7654A6B1292}.Release|Any CPU.Build.0 = Release|Any CPU
		{9590C6C1-3EF9-491B-8311-33BC15E4CF10}.Debug|Any CPU.ActiveCfg = Debug|Any CPU
		{9590C6C1-3EF9-491B-8311-33BC15E4CF10}.Debug|Any CPU.Build.0 = Debug|Any CPU
		{9590C6C1-3EF9-491B-8311-33BC15E4CF10}.Release|Any CPU.ActiveCfg = Release|Any CPU
		{9590C6C1-3EF9-491B-8311-33BC15E4CF10}.Release|Any CPU.Build.0 = Release|Any CPU
	EndGlobalSection
	GlobalSection(SolutionProperties) = preSolution
		HideSolutionNode = FALSE
	EndGlobalSection
	GlobalSection(ExtensibilityGlobals) = postSolution
		SolutionGuid = {CC8EC7B9-5E37-4DFE-9B6A-38DD024F1740}
	EndGlobalSection
EndGlobal
